
Microsoft Visual Studio Solution File, Format Version 12.00
# Visual Studio 14
VisualStudioVersion = 14.0.25420.1
MinimumVisualStudioVersion = 10.0.40219.1
Project("{FAE04EC0-301F-11D3-BF4B-00C04F79EFBC}") = "FTP_IP_UPDATE", "FTP_IP_UPDATE\FTP_IP_UPDATE.csproj", "{B706723C-CAFD-47A0-A3E1-045F15DE37AD}"
EndProject
Global
	GlobalSection(SolutionConfigurationPlatforms) = preSolution
		Debug|Any CPU = Debug|Any CPU
		Release|Any CPU = Release|Any CPU
	EndGlobalSection
	GlobalSection(ProjectConfigurationPlatforms) = postSolution
		{B706723C-CAFD-47A0-A3E1-045F15DE37AD}.Debug|Any CPU.ActiveCfg = Debug|Any CPU
		{B706723C-CAFD-47A0-A3E1-045F15DE37AD}.Debug|Any CPU.Build.0 = Debug|Any CPU
		{B706723C-CAFD-47A0-A3E1-045F15DE37AD}.Release|Any CPU.ActiveCfg = Release|Any CPU
		{B706723C-CAFD-47A0-A3E1-045F15DE37AD}.Release|Any CPU.Build.0 = Release|Any CPU
	EndGlobalSection
	GlobalSection(SolutionProperties) = preSolution
		HideSolutionNode = FALSE
	EndGlobalSection
EndGlobal
